PODS:
  - OktaOidc (3.7.0):
    - OktaOidc/AppAuth (= 3.7.0)
    - OktaOidc/Okta (= 3.7.0)
  - OktaOidc/AppAuth (3.7.0)
  - OktaOidc/Okta (3.7.0):
    - OktaOidc/AppAuth
    - OktaOidc/Okta/Classes (= 3.7.0)
  - OktaOidc/Okta/Classes (3.7.0):
    - OktaOidc/AppAuth

DEPENDENCIES:
  - OktaOidc

SPEC REPOS:
  trunk:
    - OktaOidc

SPEC CHECKSUMS:
  OktaOidc: 646773483d04de414575fd7845345fb151c0c388

PODFILE CHECKSUM: 8e4e98e7360e72bdcb6271b97e783f6481b1b8ad

COCOAPODS: 1.10.2
