PODS:
  - JWTDecode (2.6.3)
  - OktaOidc (3.10.6):
    - OktaOidc/AppAuth (= 3.10.6)
    - OktaOidc/Okta (= 3.10.6)
  - OktaOidc/AppAuth (3.10.6)
  - OktaOidc/Okta (3.10.6):
    - OktaOidc/AppAuth

DEPENDENCIES:
  - JWTDecode (~> 2.6)
  - OktaOidc

SPEC REPOS:
  trunk:
    - JWTDecode
    - OktaOidc

SPEC CHECKSUMS:
  JWTDecode: 33e5e26e5ddbd21b2065820894c08fef0cad9509
  OktaOidc: d6c5ce0be950f76360c15f67cf39973f4738abbf

PODFILE CHECKSUM: 79f22a73281c8f44546dbc822537af7016667db7

COCOAPODS: 1.11.0
